
Microsoft Visual Studio Solution File, Format Version 12.00
# Visual Studio Version 17
VisualStudioVersion = 17.9.34728.123
MinimumVisualStudioVersion = 10.0.40219.1
Project("{FAE04EC0-301F-11D3-BF4B-00C04F79EFBC}") = "EntityPracticeApp", "EntityPracticeApp\EntityPracticeApp.csproj", "{80921CFF-C27D-4F36-867D-B91F21DDD39A}"
EndProject
Global
	GlobalSection(SolutionConfigurationPlatforms) = preSolution
		Debug|Any CPU = Debug|Any CPU
		Release|Any CPU = Release|Any CPU
	EndGlobalSection
	GlobalSection(ProjectConfigurationPlatforms) = postSolution
		{80921CFF-C27D-4F36-867D-B91F21DDD39A}.Debug|Any CPU.ActiveCfg = Debug|Any CPU
		{80921CFF-C27D-4F36-867D-B91F21DDD39A}.Debug|Any CPU.Build.0 = Debug|Any CPU
		{80921CFF-C27D-4F36-867D-B91F21DDD39A}.Release|Any CPU.ActiveCfg = Release|Any CPU
		{80921CFF-C27D-4F36-867D-B91F21DDD39A}.Release|Any CPU.Build.0 = Release|Any CPU
	EndGlobalSection
	GlobalSection(SolutionProperties) = preSolution
		HideSolutionNode = FALSE
	EndGlobalSection
	GlobalSection(ExtensibilityGlobals) = postSolution
		SolutionGuid = {47059BF1-FD08-4AF8-8FD0-41DEE376515B}
	EndGlobalSection
EndGlobal
